// !$*UTF8*$!
{
	archiveVersion = 1;
	classes = {
	};
	objectVersion = 46;
	objects = {

/* Begin PBXBuildFile section */
		4CD5A4061DC318D500957536 /* AppDelegate.swift in Sources */ = {isa = PBXBuildFile; fileRef = 4CD5A4051DC318D500957536 /* AppDelegate.swift */; };
		4CD5A4081DC318D500957536 /* ViewController.swift in Sources */ = {isa = PBXBuildFile; fileRef = 4CD5A4071DC318D500957536 /* ViewController.swift */; };
		4CD5A40B1DC318D500957536 /* Main.storyboard in Resources */ = {isa = PBXBuildFile; fileRef = 4CD5A4091DC318D500957536 /* Main.storyboard */; };
		4CD5A40D1DC318D500957536 /* Assets.xcassets in Resources */ = {isa = PBXBuildFile; fileRef = 4CD5A40C1DC318D500957536 /* Assets.xcassets */; };
		4CD5A4101DC318D500957536 /* LaunchScreen.storyboard in Resources */ = {isa = PBXBuildFile; fileRef = 4CD5A40E1DC318D500957536 /* LaunchScreen.storyboard */; };
/* End PBXBuildFile section */

/* Begin PBXFileReference section */
		4CD5A4021DC318D500957536 /* RFinder.app */ = {isa = PBXFileReference; explicitFileType = wrapper.application; includeInIndex = 0; path = RFinder.app; sourceTree = BUILT_PRODUCTS_DIR; };
		4CD5A4051DC318D500957536 /* AppDelegate.swift */ = {isa = PBXFileReference; lastKnownFileType = sourcecode.swift; path = AppDelegate.swift; sourceTree = "<group>"; };
		4CD5A4071DC318D500957536 /* ViewController.swift */ = {isa = PBXFileReference; lastKnownFileType = sourcecode.swift; path = ViewController.swift; sourceTree = "<group>"; };
		4CD5A40A1DC318D500957536 /* Base */ = {isa = PBXFileReference; lastKnownFileType = file.storyboard; name = Base; path = Base.lproj/Main.storyboard; sourceTree = "<group>"; };
		4CD5A40C1DC318D500957536 /* Assets.xcassets */ = {isa = PBXFileReference; lastKnownFileType = folder.assetcatalog; path = Assets.xcassets; sourceTree = "<group>"; };
		4CD5A40F1DC318D500957536 /* Base */ = {isa = PBXFileReference; lastKnownFileType = file.storyboard; name = Base; path = Base.lproj/LaunchScreen.storyboard; sourceTree = "<group>"; };
		4CD5A4111DC318D500957536 /* Info.plist */ = {isa = PBXFileReference; lastKnownFileType = text.plist.xml; path = Info.plist; sourceTree = "<group>"; };
/* End PBXFileReference section */

/* Begin PBXFrameworksBuildPhase section */
		4CD5A3FF1DC318D500957536 /* Frameworks */ = {
			isa = PBXFrameworksBuildPhase;
			buildActionMask = 2147483647;
			files = (
			);
			runOnlyForDeploymentPostprocessing = 0;
		};
/* End PBXFrameworksBuildPhase section */

/* Begin PBXGroup section */
		4CD5A3F91DC318D500957536 = {
			isa = PBXGroup;
			children = (
				4CD5A4041DC318D500957536 /* RFinder */,
				4CD5A4031DC318D500957536 /* Products */,
			);
			sourceTree = "<group>";
		};
		4CD5A4031DC318D500957536 /* Products */ = {
			isa = PBXGroup;
			children = (
				4CD5A4021DC318D500957536 /* RFinder.app */,
			);
			name = Products;
			sourceTree = "<group>";
		};
		4CD5A4041DC318D500957536 /* RFinder */ = {
			isa = PBXGroup;
			children = (
				4CD5A4051DC318D500957536 /* AppDelegate.swift */,
				4CD5A4071DC318D500957536 /* ViewController.swift */,
				4CD5A4091DC318D500957536 /* Main.storyboard */,
				4CD5A40C1DC318D500957536 /* Assets.xcassets */,
				4CD5A40E1DC318D500957536 /* LaunchScreen.storyboard */,
				4CD5A4111DC318D500957536 /* Info.plist */,
			);
			path = RFinder;
			sourceTree = "<group>";
		};
/* End PBXGroup section */

/* Begin PBXNativeTarget section */
		4CD5A4011DC318D500957536 /* RFinder */ = {
			isa = PBXNativeTarget;
			buildConfigurationList = 4CD5A4141DC318D500957536 /* Build configuration list for PBXNativeTarget "RFinder" */;
			buildPhases = (
				4CD5A3FE1DC318D500957536 /* Sources */,
				4CD5A3FF1DC318D500957536 /* Frameworks */,
				4CD5A4001DC318D500957536 /* Resources */,
			);
			buildRules = (
			);
			dependencies = (
			);
			name = RFinder;
			productName = RFinder;
			productReference = 4CD5A4021DC318D500957536 /* RFinder.app */;
			productType = "com.apple.product-type.application";
		};
/* End PBXNativeTarget section */

/* Begin PBXProject section */
		4CD5A3FA1DC318D500957536 /* Project object */ = {
			isa = PBXProject;
			attributes = {
				LastSwiftUpdateCheck = 0730;
				LastUpgradeCheck = 0730;
				ORGANIZATIONNAME = AbhilashSU;
				TargetAttributes = {
					4CD5A4011DC318D500957536 = {
						CreatedOnToolsVersion = 7.3.1;
					};
				};
			};
			buildConfigurationList = 4CD5A3FD1DC318D500957536 /* Build configuration list for PBXProject "RFinder" */;
			compatibilityVersion = "Xcode 3.2";
			developmentRegion = English;
			hasScannedForEncodings = 0;
			knownRegions = (
				en,
				Base,
			);
			mainGroup = 4CD5A3F91DC318D500957536;
			productRefGroup = 4CD5A4031DC318D500957536 /* Products */;
			projectDirPath = "";
			projectRoot = "";
			targets = (
				4CD5A4011DC318D500957536 /* RFinder */,
			);
		};
/* End PBXProject section */

/* Begin PBXResourcesBuildPhase section */
		4CD5A4001DC318D500957536 /* Resources */ = {
			isa = PBXResourcesBuildPhase;
			buildActionMask = 2147483647;
			files = (
				4CD5A4101DC318D500957536 /* LaunchScreen.storyboard in Resources */,
				4CD5A40D1DC318D500957536 /* Assets.xcassets in Resources */,
				4CD5A40B1DC318D500957536 /* Main.storyboard in Resources */,
			);
			runOnlyForDeploymentPostprocessing = 0;
		};
/* End PBXResourcesBuildPhase section */

/* Begin PBXSourcesBuildPhase section */
		4CD5A3FE1DC318D500957536 /* Sources */ = {
			isa = PBXSourcesBuildPhase;
			buildActionMask = 2147483647;
			files = (
				4CD5A4081DC318D500957536 /* ViewController.swift in Sources */,
				4CD5A4061DC318D500957536 /* AppDelegate.swift in Sources */,
			);
			runOnlyForDeploymentPostprocessing = 0;
		};
/* End PBXSourcesBuildPhase section */

/* Begin PBXVariantGroup section */
		4CD5A4091DC318D500957536 /* Main.storyboard */ = {
			isa = PBXVariantGroup;
			children = (
				4CD5A40A1DC318D500957536 /* Base */,
			);
			name = Main.storyboard;
			sourceTree = "<group>";
		};
		4CD5A40E1DC318D500957536 /* LaunchScreen.storyboard */ = {
			isa = PBXVariantGroup;
			children = (
				4CD5A40F1DC318D500957536 /* Base */,
			);
			name = LaunchScreen.storyboard;
			sourceTree = "<group>";
		};
/* End PBXVariantGroup section */

/* Begin XCBuildConfiguration section */
		4CD5A4121DC318D500957536 /* Debug */ = {
			isa = XCBuildConfiguration;
			buildSettings = {
				ALWAYS_SEARCH_USER_PATHS = NO;
				CLANG_ANALYZER_NONNULL = YES;
				CLANG_CXX_LANGUAGE_STANDARD = "gnu++0x";
				CLANG_CXX_LIBRARY = "libc++";
				CLANG_ENABLE_MODULES = YES;
				CLANG_ENABLE_OBJC_ARC = YES;
				CLANG_WARN_BOOL_CONVERSION = YES;
				CLANG_WARN_CONSTANT_CONVERSION = YES;
				CLANG_WARN_DIRECT_OBJC_ISA_USAGE = YES_ERROR;
				CLANG_WARN_EMPTY_BODY = YES;
				CLANG_WARN_ENUM_CONVERSION = YES;
				CLANG_WARN_INT_CONVERSION = YES;
				CLANG_WARN_OBJC_ROOT_CLASS = YES_ERROR;
				CLANG_WARN_UNREACHABLE_CODE = YES;
				CLANG_WARN__DUPLICATE_METHOD_MATCH = YES;
				"CODE_SIGN_IDENTITY[sdk=iphoneos*]" = "iPhone Developer";
				COPY_PHASE_STRIP = NO;
				DEBUG_INFORMATION_FORMAT = dwarf;
				ENABLE_STRICT_OBJC_MSGSEND = YES;
				ENABLE_TESTABILITY = YES;
				GCC_C_LANGUAGE_STANDARD = gnu99;
				GCC_DYNAMIC_NO_PIC = NO;
				GCC_NO_COMMON_BLOCKS = YES;
				GCC_OPTIMIZATION_LEVEL = 0;
				GCC_PREPROCESSOR_DEFINITIONS = (
					"DEBUG=1",
					"$(inherited)",
				);
				GCC_WARN_64_TO_32_BIT_CONVERSION = YES;
				GCC_WARN_ABOUT_RETURN_TYPE = YES_ERROR;
				GCC_WARN_UNDECLARED_SELECTOR = YES;
				GCC_WARN_UNINITIALIZED_AUTOS = YES_AGGRESSIVE;
				GCC_WARN_UNUSED_FUNCTION = YES;
				GCC_WARN_UNUSED_VARIABLE = YES;
				IPHONEOS_DEPLOYMENT_TARGET = 9.3;
				MTL_ENABLE_DEBUG_INFO = YES;
				ONLY_ACTIVE_ARCH = YES;
				SDKROOT = iphoneos;
				SWIFT_OPTIMIZATION_LEVEL = "-Onone";
			};
			name = Debug;
		};
		4CD5A4131DC318D500957536 /* Release */ = {
			isa = XCBuildConfiguration;
			buildSettings = {
				ALWAYS_SEARCH_USER_PATHS = NO;
				CLANG_ANALYZER_NONNULL = YES;
				CLANG_CXX_LANGUAGE_STANDARD = "gnu++0x";
				CLANG_CXX_LIBRARY = "libc++";
				CLANG_ENABLE_MODULES = YES;
				CLANG_ENABLE_OBJC_ARC = YES;
				CLANG_WARN_BOOL_CONVERSION = YES;
				CLANG_WARN_CONSTANT_CONVERSION = YES;
				CLANG_WARN_DIRECT_OBJC_ISA_USAGE = YES_ERROR;
				CLANG_WARN_EMPTY_BODY = YES;
				CLANG_WARN_ENUM_CONVERSION = YES;
				CLANG_WARN_INT_CONVERSION = YES;
				CLANG_WARN_OBJC_ROOT_CLASS = YES_ERROR;
				CLANG_WARN_UNREACHABLE_CODE = YES;
				CLANG_WARN__DUPLICATE_METHOD_MATCH = YES;
				"CODE_SIGN_IDENTITY[sdk=iphoneos*]" = "iPhone Developer";
				COPY_PHASE_STRIP = NO;
				DEBUG_INFORMATION_FORMAT = "dwarf-with-dsym";
				ENABLE_NS_ASSERTIONS = NO;
				ENABLE_STRICT_OBJC_MSGSEND = YES;
				GCC_C_LANGUAGE_STANDARD = gnu99;
				GCC_NO_COMMON_BLOCKS = YES;
				GCC_WARN_64_TO_32_BIT_CONVERSION = YES;
				GCC_WARN_ABOUT_RETURN_TYPE = YES_ERROR;
				GCC_WARN_UNDECLARED_SELECTOR = YES;
				GCC_WARN_UNINITIALIZED_AUTOS = YES_AGGRESSIVE;
				GCC_WARN_UNUSED_FUNCTION = YES;
				GCC_WARN_UNUSED_VARIABLE = YES;
				IPHONEOS_DEPLOYMENT_TARGET = 9.3;
				MTL_ENABLE_DEBUG_INFO = NO;
				SDKROOT = iphoneos;
				VALIDATE_PRODUCT = YES;
			};
			name = Release;
		};
		4CD5A4151DC318D500957536 /* Debug */ = {
			isa = XCBuildConfiguration;
			buildSettings = {
				ASSETCATALOG_COMPILER_APPICON_NAME = AppIcon;
				INFOPLIST_FILE = RFinder/Info.plist;
				LD_RUNPATH_SEARCH_PATHS = "$(inherited) @executable_path/Frameworks";
				PRODUCT_BUNDLE_IDENTIFIER = AUSU.RFinder;
				PRODUCT_NAME = "$(TARGET_NAME)";
			};
			name = Debug;
		};
		4CD5A4161DC318D500957536 /* Release */ = {
			isa = XCBuildConfiguration;
			buildSettings = {
				ASSETCATALOG_COMPILER_APPICON_NAME = AppIcon;
				INFOPLIST_FILE = RFinder/Info.plist;
				LD_RUNPATH_SEARCH_PATHS = "$(inherited) @executable_path/Frameworks";
				PRODUCT_BUNDLE_IDENTIFIER = AUSU.RFinder;
				PRODUCT_NAME = "$(TARGET_NAME)";
			};
			name = Release;
		};
/* End XCBuildConfiguration section */

/* Begin XCConfigurationList section */
		4CD5A3FD1DC318D500957536 /* Build configuration list for PBXProject "RFinder" */ = {
			isa = XCConfigurationList;
			buildConfigurations = (
				4CD5A4121DC318D500957536 /* Debug */,
				4CD5A4131DC318D500957536 /* Release */,
			);
			defaultConfigurationIsVisible = 0;
			defaultConfigurationName = Release;
		};
		4CD5A4141DC318D500957536 /* Build configuration list for PBXNativeTarget "RFinder" */ = {
			isa = XCConfigurationList;
			buildConfigurations = (
				4CD5A4151DC318D500957536 /* Debug */,
				4CD5A4161DC318D500957536 /* Release */,
			);
			defaultConfigurationIsVisible = 0;
		};
/* End XCConfigurationList section */
	};
	rootObject = 4CD5A3FA1DC318D500957536 /* Project object */;
}
